<?xml version="1.0" encoding="utf-8"?>
<Project ToolsVersion="4.0" xmlns="http://schemas.microsoft.com/developer/msbuild/2003">
  <ItemGroup>
    <ClCompile Include="Main.cpp" />
    <ClCompile Include="General.c" />
    <ClCompile Include="Misc.cpp" />
    <ClCompile Include="Graphics\Shapes\Circle.cpp">
      <Filter>Graphics\Shapes</Filter>
    </ClCompile>
    <ClCompile Include="Graphics\Drawable.cpp">
      <Filter>Graphics</Filter>
    </ClCompile>
    <ClCompile Include="Graphics\Graphics.cpp">
      <Filter>Graphics</Filter>
    </ClCompile>
    <ClCompile Include="Graphics\Shapes\Rectangle.cpp">
      <Filter>Graphics\Shapes</Filter>
    </ClCompile>
    <ClCompile Include="Graphics\Transformable.cpp">
      <Filter>Graphics</Filter>
    </ClCompile>
    <ClCompile Include="Graphics\Screen.cpp">
      <Filter>Graphics</Filter>
    </ClCompile>
    <ClCompile Include="Utils\File.cpp">
      <Filter>Utils</Filter>
    </ClCompile>
    <ClCompile Include="Graphics\Shapes\Text.cpp">
      <Filter>Graphics\Shapes</Filter>
    </ClCompile>
  </ItemGroup>
  <ItemGroup>
    <ClInclude Include="General.h" />
    <ClInclude Include="Graphics\Shapes\Circle.hpp">
      <Filter>Graphics\Shapes</Filter>
    </ClInclude>
    <ClInclude Include="Graphics\Drawable.hpp">
      <Filter>Graphics</Filter>
    </ClInclude>
    <ClInclude Include="Graphics\Graphics.hpp">
      <Filter>Graphics</Filter>
    </ClInclude>
    <ClInclude Include="Graphics\Shapes\Rectangle.hpp">
      <Filter>Graphics\Shapes</Filter>
    </ClInclude>
    <ClInclude Include="Graphics\Color.hpp">
      <Filter>Graphics</Filter>
    </ClInclude>
    <ClInclude Include="Graphics\Transformable.hpp">
      <Filter>Graphics</Filter>
    </ClInclude>
    <ClInclude Include="Graphics\Screen.hpp">
      <Filter>Graphics</Filter>
    </ClInclude>
    <ClInclude Include="Utils\File.hpp">
      <Filter>Utils</Filter>
    </ClInclude>
    <ClInclude Include="Graphics\Shapes\Text.hpp">
      <Filter>Graphics\Shapes</Filter>
    </ClInclude>
  </ItemGroup>
  <ItemGroup>
    <Filter Include="Graphics">
      <UniqueIdentifier>{26da5818-4c04-48f7-ba06-fbe60625e02b}</UniqueIdentifier>
    </Filter>
    <Filter Include="Graphics\Shapes">
      <UniqueIdentifier>{95e7aefc-8590-427e-9ca4-e9e9993f6891}</UniqueIdentifier>
    </Filter>
    <Filter Include="Utils">
      <UniqueIdentifier>{0901b3b1-ff96-407d-b0f6-0ade2ba0cbc8}</UniqueIdentifier>
    </Filter>
  </ItemGroup>
</Project>